
Microsoft Visual Studio Solution File, Format Version 12.00
# Visual Studio 15
VisualStudioVersion = 15.0.27703.2026
MinimumVisualStudioVersion = 10.0.40219.1
Project("{FAE04EC0-301F-11D3-BF4B-00C04F79EFBC}") = "PascalMini", "PascalMini\PascalMini.csproj", "{20469F37-00CC-490B-956F-7608CF507386}"
EndProject
Global
	GlobalSection(SolutionConfigurationPlatforms) = preSolution
		Debug|Any CPU = Debug|Any CPU
		Release|Any CPU = Release|Any CPU
	EndGlobalSection
	GlobalSection(ProjectConfigurationPlatforms) = postSolution
		{20469F37-00CC-490B-956F-7608CF507386}.Debug|Any CPU.ActiveCfg = Debug|Any CPU
		{20469F37-00CC-490B-956F-7608CF507386}.Debug|Any CPU.Build.0 = Debug|Any CPU
		{20469F37-00CC-490B-956F-7608CF507386}.Release|Any CPU.ActiveCfg = Release|Any CPU
		{20469F37-00CC-490B-956F-7608CF507386}.Release|Any CPU.Build.0 = Release|Any CPU
	EndGlobalSection
	GlobalSection(SolutionProperties) = preSolution
		HideSolutionNode = FALSE
	EndGlobalSection
	GlobalSection(ExtensibilityGlobals) = postSolution
		SolutionGuid = {8A557B26-58BC-49B0-B0BA-70CC20E3894A}
	EndGlobalSection
EndGlobal
